Microsoft Visual Studio Solution File, Format Version 12.00
# Visual Studio 14
VisualStudioVersion = 14.0.25420.1
MinimumVisualStudioVersion = 10.0.40219.1
Project("{2150E333-8FDC-42A3-9474-1A3956D46DE8}") = "0 - Solution Items", "0 - Solution Items", "{5EA65A40-D5C2-423F-97F5-53327BE2821C}"
EndProject
Project("{2150E333-8FDC-42A3-9474-1A3956D46DE8}") = "dapr", "dapr", "{E66A2CE1-BD2F-4415-B7C6-71D6C0396F5C}"
	ProjectSection(SolutionItems) = preProject
		..\dapr\config.yaml = ..\dapr\config.yaml
		dapr\config.yaml = dapr\config.yaml
	EndProjectSection
EndProject
Project("{2150E333-8FDC-42A3-9474-1A3956D46DE8}") = "components", "components", "{1BE9BC9F-A04A-4397-AA9A-03F61AC1D71A}"
	ProjectSection(SolutionItems) = preProject
		..\dapr\components\pubsub.yaml = ..\dapr\components\pubsub.yaml
		..\dapr\components\statestore.yaml = ..\dapr\components\statestore.yaml
		dapr\components\pubsub.yaml = dapr\components\pubsub.yaml
		dapr\components\statestore.yaml = dapr\components\statestore.yaml
	EndProjectSection
EndProject
Project("{2150E333-8FDC-42A3-9474-1A3956D46DE8}") = "IDeliverService", "IDeliverService", "{1B78C140-9188-47F1-AC1A-D5B4699FA438}"
EndProject
Project("{2150E333-8FDC-42A3-9474-1A3956D46DE8}") = "1 - Api", "1 - Api", "{B1FF9E40-425E-4B30-AF2D-8591C9ABC2E7}"
EndProject
Project("{FFD54A85-9362-48AC-B646-C93AB9AC63D2}") = "IDeliverService.Api", "IDeliverService.Api\IDeliverService.Api.csproj", "{3FBC6933-5C94-4FA5-8230-A64DBF9787D3}"
EndProject
Project("{2150E333-8FDC-42A3-9474-1A3956D46DE8}") = "2 - Application", "2 - Application", "{389D299D-005F-4461-957F-0C0E3971D185}"
EndProject
Project("{52B49DB5-3EA9-4095-B1A7-DF1AC22D7DAE}") = "IDeliverService.Application", "IDeliverService.Application\IDeliverService.Application.csproj", "{5BD873C2-6AC2-4E80-8BF6-9932ACA48181}"
EndProject
Project("{2150E333-8FDC-42A3-9474-1A3956D46DE8}") = "3 - Domain", "3 - Domain", "{5EFAFB53-9F84-4A7D-B506-B8EBB4838513}"
EndProject
Project("{52B49DB5-3EA9-4095-B1A7-DF1AC22D7DAE}") = "IDeliverService.Domain", "IDeliverService.Domain\IDeliverService.Domain.csproj", "{74CD72B8-1674-4303-807C-8A3E49F00327}"
EndProject
Project("{2150E333-8FDC-42A3-9474-1A3956D46DE8}") = "4 - Infrastructure", "4 - Infrastructure", "{E15A5109-9E65-41DA-9FE1-51FC23498D88}"
EndProject
Project("{52B49DB5-3EA9-4095-B1A7-DF1AC22D7DAE}") = "IDeliverService.Infrastructure", "IDeliverService.Infrastructure\IDeliverService.Infrastructure.csproj", "{BC00755D-CDAA-4245-B285-9A0587144763}"
EndProject
Project("{2150E333-8FDC-42A3-9474-1A3956D46DE8}") = "MarketicOrderService", "MarketicOrderService", "{76385E5B-CE44-4A25-A85D-65FA8169398B}"
EndProject
Project("{2150E333-8FDC-42A3-9474-1A3956D46DE8}") = "1 - Api", "1 - Api", "{BE73C388-7708-44B8-9115-84E96CF68A31}"
EndProject
Project("{FFD54A85-9362-48AC-B646-C93AB9AC63D2}") = "MarketicOrderService.Api", "MarketicOrderService.Api\MarketicOrderService.Api.csproj", "{89A50758-609C-4AC5-9DBB-8289310C4DA0}"
EndProject
Project("{2150E333-8FDC-42A3-9474-1A3956D46DE8}") = "2 - Application", "2 - Application", "{DD5D88D7-7282-4728-A292-FFB7B67F6C9E}"
EndProject
Project("{52B49DB5-3EA9-4095-B1A7-DF1AC22D7DAE}") = "MarketicOrderService.Application", "MarketicOrderService.Application\MarketicOrderService.Application.csproj", "{55365FBF-5410-4F31-93B0-2D77C2ABE244}"
EndProject
Project("{2150E333-8FDC-42A3-9474-1A3956D46DE8}") = "3 - Domain", "3 - Domain", "{41C87468-B274-4CE2-8282-755F04E3ECBB}"
EndProject
Project("{52B49DB5-3EA9-4095-B1A7-DF1AC22D7DAE}") = "MarketicOrderService.Domain", "MarketicOrderService.Domain\MarketicOrderService.Domain.csproj", "{C8100DBC-E23C-406B-8A42-7E3E91C53A82}"
EndProject
Project("{2150E333-8FDC-42A3-9474-1A3956D46DE8}") = "4 - Infrastructure", "4 - Infrastructure", "{C3961F82-9C60-44E9-B1D8-EF93C9220222}"
EndProject
Project("{52B49DB5-3EA9-4095-B1A7-DF1AC22D7DAE}") = "MarketicOrderService.Infrastructure", "MarketicOrderService.Infrastructure\MarketicOrderService.Infrastructure.csproj", "{7EEFDC8A-146E-4CC4-B400-8FC8FF219268}"
EndProject
Project("{2150E333-8FDC-42A3-9474-1A3956D46DE8}") = "SSIDeliverIntegrationService", "SSIDeliverIntegrationService", "{387113F5-C785-4945-9513-42C81FC64B18}"
EndProject
Project("{2150E333-8FDC-42A3-9474-1A3956D46DE8}") = "1 - Api", "1 - Api", "{D249D526-8B88-43A8-A1B6-866C9CBE20D1}"
EndProject
Project("{FFD54A85-9362-48AC-B646-C93AB9AC63D2}") = "SSIDeliverIntegrationService.Api", "SSIDeliverIntegrationService.Api\SSIDeliverIntegrationService.Api.csproj", "{9721DEB3-A40C-4278-BA75-A7978564F0E3}"
EndProject
Project("{2150E333-8FDC-42A3-9474-1A3956D46DE8}") = "2 - Application", "2 - Application", "{81F75EF8-65EA-4ADA-BD4E-E1278CA05F8C}"
EndProject
Project("{52B49DB5-3EA9-4095-B1A7-DF1AC22D7DAE}") = "SSIDeliverIntegrationService.Application", "SSIDeliverIntegrationService.Application\SSIDeliverIntegrationService.Application.csproj", "{4BD88C89-2508-4C50-8EB9-C468796AE435}"
EndProject
Project("{2150E333-8FDC-42A3-9474-1A3956D46DE8}") = "3 - Domain", "3 - Domain", "{9DEBA499-3BEF-4E0B-8546-9BB9AB22D1EE}"
EndProject
Project("{52B49DB5-3EA9-4095-B1A7-DF1AC22D7DAE}") = "SSIDeliverIntegrationService.Domain", "SSIDeliverIntegrationService.Domain\SSIDeliverIntegrationService.Domain.csproj", "{42CF95E6-9419-4973-B140-710A551DE3B7}"
EndProject
Project("{2150E333-8FDC-42A3-9474-1A3956D46DE8}") = "4 - Infrastructure", "4 - Infrastructure", "{6134AEEB-AC64-4503-AB39-6A57BAABAE24}"
EndProject
Project("{52B49DB5-3EA9-4095-B1A7-DF1AC22D7DAE}") = "SSIDeliverIntegrationService.Infrastructure", "SSIDeliverIntegrationService.Infrastructure\SSIDeliverIntegrationService.Infrastructure.csproj", "{B4C97697-91F8-4C28-87BE-F1E52942A07E}"
EndProject
Project("{2150E333-8FDC-42A3-9474-1A3956D46DE8}") = "WebhooksService", "WebhooksService", "{DFCDB6D8-53EE-4B79-B341-F58AA6832D3A}"
EndProject
Project("{2150E333-8FDC-42A3-9474-1A3956D46DE8}") = "1 - Api", "1 - Api", "{A17BD93C-AB2F-4945-A1F6-A6E1697D1577}"
EndProject
Project("{FFD54A85-9362-48AC-B646-C93AB9AC63D2}") = "WebhookService.Api", "WebhookService.Api\WebhookService.Api.csproj", "{16AEACFA-8542-42C2-BBF6-A27F666F5885}"
EndProject
Project("{2150E333-8FDC-42A3-9474-1A3956D46DE8}") = "2 - Application", "2 - Application", "{05A0FA09-D7F3-4A0D-8CB7-2A4E1E328D45}"
EndProject
Project("{52B49DB5-3EA9-4095-B1A7-DF1AC22D7DAE}") = "WebhookService.Application", "WebhookService.Application\WebhookService.Application.csproj", "{B1F4A17A-7E83-4ADB-9B1E-3DDAB252B494}"
EndProject
Project("{2150E333-8FDC-42A3-9474-1A3956D46DE8}") = "3 - Domain", "3 - Domain", "{BFD2973B-A143-4194-A2A0-469F50D3C8BB}"
EndProject
Project("{52B49DB5-3EA9-4095-B1A7-DF1AC22D7DAE}") = "WebhookService.Domain", "WebhookService.Domain\WebhookService.Domain.csproj", "{4A86EE80-025A-464D-8E30-7B786B7D40E9}"
EndProject
Project("{2150E333-8FDC-42A3-9474-1A3956D46DE8}") = "4 - Infrastructure", "4 - Infrastructure", "{99F914E8-31E8-42B2-977F-2333FC502DB8}"
EndProject
Project("{52B49DB5-3EA9-4095-B1A7-DF1AC22D7DAE}") = "WebhookService.Infrastructure", "WebhookService.Infrastructure\WebhookService.Infrastructure.csproj", "{EC7D6BB1-6649-4B92-8196-93D26E33B0B2}"
EndProject
Project("{2150E333-8FDC-42A3-9474-1A3956D46DE8}") = "SSIDeliverIntgnService", "SSIDeliverIntgnService", "{44FCBEB5-7AF2-404E-96AE-C8CE69C35F19}"
EndProject
Project("{2150E333-8FDC-42A3-9474-1A3956D46DE8}") = "1 - Api", "1 - Api", "{040A93EB-D414-4012-8C44-6C1E18239A48}"
EndProject
Project("{FFD54A85-9362-48AC-B646-C93AB9AC63D2}") = "SSIDeliverIntgnService.Api", "SSIDeliverIntgnService.Api\SSIDeliverIntgnService.Api.csproj", "{0B6996C2-F787-4CFD-B4BB-36A6E24FB6FD}"
EndProject
Project("{2150E333-8FDC-42A3-9474-1A3956D46DE8}") = "2 - Application", "2 - Application", "{3ED1083D-2B50-4D3E-BB35-01B3C53D9E72}"
EndProject
Project("{52B49DB5-3EA9-4095-B1A7-DF1AC22D7DAE}") = "SSIDeliverIntgnService.Application", "SSIDeliverIntgnService.Application\SSIDeliverIntgnService.Application.csproj", "{D6925522-3E67-4F33-9AC8-EB4FBB9555AC}"
EndProject
Project("{2150E333-8FDC-42A3-9474-1A3956D46DE8}") = "3 - Domain", "3 - Domain", "{791E5536-5D0D-4F90-A51F-F0AE91AA529B}"
EndProject
Project("{52B49DB5-3EA9-4095-B1A7-DF1AC22D7DAE}") = "SSIDeliverIntgnService.Domain", "SSIDeliverIntgnService.Domain\SSIDeliverIntgnService.Domain.csproj", "{0DFFC4BC-A88D-4BB8-A090-97D3236A2BC6}"
EndProject
Project("{2150E333-8FDC-42A3-9474-1A3956D46DE8}") = "4 - Infrastructure", "4 - Infrastructure", "{32CB399A-3F98-45F8-9FC5-FC8AB7C493FA}"
EndProject
Project("{52B49DB5-3EA9-4095-B1A7-DF1AC22D7DAE}") = "SSIDeliverIntgnService.Infrastructure", "SSIDeliverIntgnService.Infrastructure\SSIDeliverIntgnService.Infrastructure.csproj", "{E3D2385F-DC63-428A-9602-C13E0234F9D9}"
EndProject
Global
	GlobalSection(SolutionConfigurationPlatforms) = preSolution
		Debug|Any CPU = Debug|Any CPU
		Release|Any CPU = Release|Any CPU
	EndGlobalSection
	GlobalSection(ProjectConfigurationPlatforms) = postSolution
		{3FBC6933-5C94-4FA5-8230-A64DBF9787D3}.Debug|Any CPU.ActiveCfg = Debug|Any CPU
		{3FBC6933-5C94-4FA5-8230-A64DBF9787D3}.Debug|Any CPU.Build.0 = Debug|Any CPU
		{3FBC6933-5C94-4FA5-8230-A64DBF9787D3}.Release|Any CPU.ActiveCfg = Release|Any CPU
		{3FBC6933-5C94-4FA5-8230-A64DBF9787D3}.Release|Any CPU.Build.0 = Release|Any CPU
		{5BD873C2-6AC2-4E80-8BF6-9932ACA48181}.Debug|Any CPU.ActiveCfg = Debug|Any CPU
		{5BD873C2-6AC2-4E80-8BF6-9932ACA48181}.Debug|Any CPU.Build.0 = Debug|Any CPU
		{5BD873C2-6AC2-4E80-8BF6-9932ACA48181}.Release|Any CPU.ActiveCfg = Release|Any CPU
		{5BD873C2-6AC2-4E80-8BF6-9932ACA48181}.Release|Any CPU.Build.0 = Release|Any CPU
		{74CD72B8-1674-4303-807C-8A3E49F00327}.Debug|Any CPU.ActiveCfg = Debug|Any CPU
		{74CD72B8-1674-4303-807C-8A3E49F00327}.Debug|Any CPU.Build.0 = Debug|Any CPU
		{74CD72B8-1674-4303-807C-8A3E49F00327}.Release|Any CPU.ActiveCfg = Release|Any CPU
		{74CD72B8-1674-4303-807C-8A3E49F00327}.Release|Any CPU.Build.0 = Release|Any CPU
		{BC00755D-CDAA-4245-B285-9A0587144763}.Debug|Any CPU.ActiveCfg = Debug|Any CPU
		{BC00755D-CDAA-4245-B285-9A0587144763}.Debug|Any CPU.Build.0 = Debug|Any CPU
		{BC00755D-CDAA-4245-B285-9A0587144763}.Release|Any CPU.ActiveCfg = Release|Any CPU
		{BC00755D-CDAA-4245-B285-9A0587144763}.Release|Any CPU.Build.0 = Release|Any CPU
		{89A50758-609C-4AC5-9DBB-8289310C4DA0}.Debug|Any CPU.ActiveCfg = Debug|Any CPU
		{89A50758-609C-4AC5-9DBB-8289310C4DA0}.Debug|Any CPU.Build.0 = Debug|Any CPU
		{89A50758-609C-4AC5-9DBB-8289310C4DA0}.Release|Any CPU.ActiveCfg = Release|Any CPU
		{89A50758-609C-4AC5-9DBB-8289310C4DA0}.Release|Any CPU.Build.0 = Release|Any CPU
		{55365FBF-5410-4F31-93B0-2D77C2ABE244}.Debug|Any CPU.ActiveCfg = Debug|Any CPU
		{55365FBF-5410-4F31-93B0-2D77C2ABE244}.Debug|Any CPU.Build.0 = Debug|Any CPU
		{55365FBF-5410-4F31-93B0-2D77C2ABE244}.Release|Any CPU.ActiveCfg = Release|Any CPU
		{55365FBF-5410-4F31-93B0-2D77C2ABE244}.Release|Any CPU.Build.0 = Release|Any CPU
		{C8100DBC-E23C-406B-8A42-7E3E91C53A82}.Debug|Any CPU.ActiveCfg = Debug|Any CPU
		{C8100DBC-E23C-406B-8A42-7E3E91C53A82}.Debug|Any CPU.Build.0 = Debug|Any CPU
		{C8100DBC-E23C-406B-8A42-7E3E91C53A82}.Release|Any CPU.ActiveCfg = Release|Any CPU
		{C8100DBC-E23C-406B-8A42-7E3E91C53A82}.Release|Any CPU.Build.0 = Release|Any CPU
		{7EEFDC8A-146E-4CC4-B400-8FC8FF219268}.Debug|Any CPU.ActiveCfg = Debug|Any CPU
		{7EEFDC8A-146E-4CC4-B400-8FC8FF219268}.Debug|Any CPU.Build.0 = Debug|Any CPU
		{7EEFDC8A-146E-4CC4-B400-8FC8FF219268}.Release|Any CPU.ActiveCfg = Release|Any CPU
		{7EEFDC8A-146E-4CC4-B400-8FC8FF219268}.Release|Any CPU.Build.0 = Release|Any CPU
		{9721DEB3-A40C-4278-BA75-A7978564F0E3}.Debug|Any CPU.ActiveCfg = Debug|Any CPU
		{9721DEB3-A40C-4278-BA75-A7978564F0E3}.Debug|Any CPU.Build.0 = Debug|Any CPU
		{9721DEB3-A40C-4278-BA75-A7978564F0E3}.Release|Any CPU.ActiveCfg = Release|Any CPU
		{9721DEB3-A40C-4278-BA75-A7978564F0E3}.Release|Any CPU.Build.0 = Release|Any CPU
		{4BD88C89-2508-4C50-8EB9-C468796AE435}.Debug|Any CPU.ActiveCfg = Debug|Any CPU
		{4BD88C89-2508-4C50-8EB9-C468796AE435}.Debug|Any CPU.Build.0 = Debug|Any CPU
		{4BD88C89-2508-4C50-8EB9-C468796AE435}.Release|Any CPU.ActiveCfg = Release|Any CPU
		{4BD88C89-2508-4C50-8EB9-C468796AE435}.Release|Any CPU.Build.0 = Release|Any CPU
		{42CF95E6-9419-4973-B140-710A551DE3B7}.Debug|Any CPU.ActiveCfg = Debug|Any CPU
		{42CF95E6-9419-4973-B140-710A551DE3B7}.Debug|Any CPU.Build.0 = Debug|Any CPU
		{42CF95E6-9419-4973-B140-710A551DE3B7}.Release|Any CPU.ActiveCfg = Release|Any CPU
		{42CF95E6-9419-4973-B140-710A551DE3B7}.Release|Any CPU.Build.0 = Release|Any CPU
		{B4C97697-91F8-4C28-87BE-F1E52942A07E}.Debug|Any CPU.ActiveCfg = Debug|Any CPU
		{B4C97697-91F8-4C28-87BE-F1E52942A07E}.Debug|Any CPU.Build.0 = Debug|Any CPU
		{B4C97697-91F8-4C28-87BE-F1E52942A07E}.Release|Any CPU.ActiveCfg = Release|Any CPU
		{B4C97697-91F8-4C28-87BE-F1E52942A07E}.Release|Any CPU.Build.0 = Release|Any CPU
		{16AEACFA-8542-42C2-BBF6-A27F666F5885}.Debug|Any CPU.ActiveCfg = Debug|Any CPU
		{16AEACFA-8542-42C2-BBF6-A27F666F5885}.Debug|Any CPU.Build.0 = Debug|Any CPU
		{16AEACFA-8542-42C2-BBF6-A27F666F5885}.Release|Any CPU.ActiveCfg = Release|Any CPU
		{16AEACFA-8542-42C2-BBF6-A27F666F5885}.Release|Any CPU.Build.0 = Release|Any CPU
		{B1F4A17A-7E83-4ADB-9B1E-3DDAB252B494}.Debug|Any CPU.ActiveCfg = Debug|Any CPU
		{B1F4A17A-7E83-4ADB-9B1E-3DDAB252B494}.Debug|Any CPU.Build.0 = Debug|Any CPU
		{B1F4A17A-7E83-4ADB-9B1E-3DDAB252B494}.Release|Any CPU.ActiveCfg = Release|Any CPU
		{B1F4A17A-7E83-4ADB-9B1E-3DDAB252B494}.Release|Any CPU.Build.0 = Release|Any CPU
		{4A86EE80-025A-464D-8E30-7B786B7D40E9}.Debug|Any CPU.ActiveCfg = Debug|Any CPU
		{4A86EE80-025A-464D-8E30-7B786B7D40E9}.Debug|Any CPU.Build.0 = Debug|Any CPU
		{4A86EE80-025A-464D-8E30-7B786B7D40E9}.Release|Any CPU.ActiveCfg = Release|Any CPU
		{4A86EE80-025A-464D-8E30-7B786B7D40E9}.Release|Any CPU.Build.0 = Release|Any CPU
		{EC7D6BB1-6649-4B92-8196-93D26E33B0B2}.Debug|Any CPU.ActiveCfg = Debug|Any CPU
		{EC7D6BB1-6649-4B92-8196-93D26E33B0B2}.Debug|Any CPU.Build.0 = Debug|Any CPU
		{EC7D6BB1-6649-4B92-8196-93D26E33B0B2}.Release|Any CPU.ActiveCfg = Release|Any CPU
		{EC7D6BB1-6649-4B92-8196-93D26E33B0B2}.Release|Any CPU.Build.0 = Release|Any CPU
		{0B6996C2-F787-4CFD-B4BB-36A6E24FB6FD}.Debug|Any CPU.ActiveCfg = Debug|Any CPU
		{0B6996C2-F787-4CFD-B4BB-36A6E24FB6FD}.Debug|Any CPU.Build.0 = Debug|Any CPU
		{0B6996C2-F787-4CFD-B4BB-36A6E24FB6FD}.Release|Any CPU.ActiveCfg = Release|Any CPU
		{0B6996C2-F787-4CFD-B4BB-36A6E24FB6FD}.Release|Any CPU.Build.0 = Release|Any CPU
		{D6925522-3E67-4F33-9AC8-EB4FBB9555AC}.Debug|Any CPU.ActiveCfg = Debug|Any CPU
		{D6925522-3E67-4F33-9AC8-EB4FBB9555AC}.Debug|Any CPU.Build.0 = Debug|Any CPU
		{D6925522-3E67-4F33-9AC8-EB4FBB9555AC}.Release|Any CPU.ActiveCfg = Release|Any CPU
		{D6925522-3E67-4F33-9AC8-EB4FBB9555AC}.Release|Any CPU.Build.0 = Release|Any CPU
		{0DFFC4BC-A88D-4BB8-A090-97D3236A2BC6}.Debug|Any CPU.ActiveCfg = Debug|Any CPU
		{0DFFC4BC-A88D-4BB8-A090-97D3236A2BC6}.Debug|Any CPU.Build.0 = Debug|Any CPU
		{0DFFC4BC-A88D-4BB8-A090-97D3236A2BC6}.Release|Any CPU.ActiveCfg = Release|Any CPU
		{0DFFC4BC-A88D-4BB8-A090-97D3236A2BC6}.Release|Any CPU.Build.0 = Release|Any CPU
		{E3D2385F-DC63-428A-9602-C13E0234F9D9}.Debug|Any CPU.ActiveCfg = Debug|Any CPU
		{E3D2385F-DC63-428A-9602-C13E0234F9D9}.Debug|Any CPU.Build.0 = Debug|Any CPU
		{E3D2385F-DC63-428A-9602-C13E0234F9D9}.Release|Any CPU.ActiveCfg = Release|Any CPU
		{E3D2385F-DC63-428A-9602-C13E0234F9D9}.Release|Any CPU.Build.0 = Release|Any CPU
	EndGlobalSection
	GlobalSection(SolutionProperties) = preSolution
		HideSolutionNode = FALSE
	EndGlobalSection
	GlobalSection(NestedProjects) = preSolution
		{E66A2CE1-BD2F-4415-B7C6-71D6C0396F5C} = {5EA65A40-D5C2-423F-97F5-53327BE2821C}
		{1BE9BC9F-A04A-4397-AA9A-03F61AC1D71A} = {E66A2CE1-BD2F-4415-B7C6-71D6C0396F5C}
		{B1FF9E40-425E-4B30-AF2D-8591C9ABC2E7} = {1B78C140-9188-47F1-AC1A-D5B4699FA438}
		{3FBC6933-5C94-4FA5-8230-A64DBF9787D3} = {B1FF9E40-425E-4B30-AF2D-8591C9ABC2E7}
		{389D299D-005F-4461-957F-0C0E3971D185} = {1B78C140-9188-47F1-AC1A-D5B4699FA438}
		{5BD873C2-6AC2-4E80-8BF6-9932ACA48181} = {389D299D-005F-4461-957F-0C0E3971D185}
		{5EFAFB53-9F84-4A7D-B506-B8EBB4838513} = {1B78C140-9188-47F1-AC1A-D5B4699FA438}
		{74CD72B8-1674-4303-807C-8A3E49F00327} = {5EFAFB53-9F84-4A7D-B506-B8EBB4838513}
		{E15A5109-9E65-41DA-9FE1-51FC23498D88} = {1B78C140-9188-47F1-AC1A-D5B4699FA438}
		{BC00755D-CDAA-4245-B285-9A0587144763} = {E15A5109-9E65-41DA-9FE1-51FC23498D88}
		{BE73C388-7708-44B8-9115-84E96CF68A31} = {76385E5B-CE44-4A25-A85D-65FA8169398B}
		{89A50758-609C-4AC5-9DBB-8289310C4DA0} = {BE73C388-7708-44B8-9115-84E96CF68A31}
		{DD5D88D7-7282-4728-A292-FFB7B67F6C9E} = {76385E5B-CE44-4A25-A85D-65FA8169398B}
		{55365FBF-5410-4F31-93B0-2D77C2ABE244} = {DD5D88D7-7282-4728-A292-FFB7B67F6C9E}
		{41C87468-B274-4CE2-8282-755F04E3ECBB} = {76385E5B-CE44-4A25-A85D-65FA8169398B}
		{C8100DBC-E23C-406B-8A42-7E3E91C53A82} = {41C87468-B274-4CE2-8282-755F04E3ECBB}
		{C3961F82-9C60-44E9-B1D8-EF93C9220222} = {76385E5B-CE44-4A25-A85D-65FA8169398B}
		{7EEFDC8A-146E-4CC4-B400-8FC8FF219268} = {C3961F82-9C60-44E9-B1D8-EF93C9220222}
		{D249D526-8B88-43A8-A1B6-866C9CBE20D1} = {387113F5-C785-4945-9513-42C81FC64B18}
		{9721DEB3-A40C-4278-BA75-A7978564F0E3} = {D249D526-8B88-43A8-A1B6-866C9CBE20D1}
		{81F75EF8-65EA-4ADA-BD4E-E1278CA05F8C} = {387113F5-C785-4945-9513-42C81FC64B18}
		{4BD88C89-2508-4C50-8EB9-C468796AE435} = {81F75EF8-65EA-4ADA-BD4E-E1278CA05F8C}
		{9DEBA499-3BEF-4E0B-8546-9BB9AB22D1EE} = {387113F5-C785-4945-9513-42C81FC64B18}
		{42CF95E6-9419-4973-B140-710A551DE3B7} = {9DEBA499-3BEF-4E0B-8546-9BB9AB22D1EE}
		{6134AEEB-AC64-4503-AB39-6A57BAABAE24} = {387113F5-C785-4945-9513-42C81FC64B18}
		{B4C97697-91F8-4C28-87BE-F1E52942A07E} = {6134AEEB-AC64-4503-AB39-6A57BAABAE24}
		{A17BD93C-AB2F-4945-A1F6-A6E1697D1577} = {DFCDB6D8-53EE-4B79-B341-F58AA6832D3A}
		{16AEACFA-8542-42C2-BBF6-A27F666F5885} = {A17BD93C-AB2F-4945-A1F6-A6E1697D1577}
		{05A0FA09-D7F3-4A0D-8CB7-2A4E1E328D45} = {DFCDB6D8-53EE-4B79-B341-F58AA6832D3A}
		{B1F4A17A-7E83-4ADB-9B1E-3DDAB252B494} = {05A0FA09-D7F3-4A0D-8CB7-2A4E1E328D45}
		{BFD2973B-A143-4194-A2A0-469F50D3C8BB} = {DFCDB6D8-53EE-4B79-B341-F58AA6832D3A}
		{4A86EE80-025A-464D-8E30-7B786B7D40E9} = {BFD2973B-A143-4194-A2A0-469F50D3C8BB}
		{99F914E8-31E8-42B2-977F-2333FC502DB8} = {DFCDB6D8-53EE-4B79-B341-F58AA6832D3A}
		{EC7D6BB1-6649-4B92-8196-93D26E33B0B2} = {99F914E8-31E8-42B2-977F-2333FC502DB8}
		{040A93EB-D414-4012-8C44-6C1E18239A48} = {44FCBEB5-7AF2-404E-96AE-C8CE69C35F19}
		{0B6996C2-F787-4CFD-B4BB-36A6E24FB6FD} = {040A93EB-D414-4012-8C44-6C1E18239A48}
		{3ED1083D-2B50-4D3E-BB35-01B3C53D9E72} = {44FCBEB5-7AF2-404E-96AE-C8CE69C35F19}
		{D6925522-3E67-4F33-9AC8-EB4FBB9555AC} = {3ED1083D-2B50-4D3E-BB35-01B3C53D9E72}
		{791E5536-5D0D-4F90-A51F-F0AE91AA529B} = {44FCBEB5-7AF2-404E-96AE-C8CE69C35F19}
		{0DFFC4BC-A88D-4BB8-A090-97D3236A2BC6} = {791E5536-5D0D-4F90-A51F-F0AE91AA529B}
		{32CB399A-3F98-45F8-9FC5-FC8AB7C493FA} = {44FCBEB5-7AF2-404E-96AE-C8CE69C35F19}
		{E3D2385F-DC63-428A-9602-C13E0234F9D9} = {32CB399A-3F98-45F8-9FC5-FC8AB7C493FA}
	EndGlobalSection
EndGlobal
