Microsoft Visual Studio Solution File, Format Version 12.00
# Visual Studio 14
VisualStudioVersion = 14.0.25420.1
MinimumVisualStudioVersion = 10.0.40219.1
Project("{2150E333-8FDC-42A3-9474-1A3956D46DE8}") = "0 - Solution Items", "0 - Solution Items", "{8B0678EA-6D71-44D3-930F-181B48EBF33D}"
EndProject
Project("{2150E333-8FDC-42A3-9474-1A3956D46DE8}") = "dapr", "dapr", "{89CB3181-5BE3-411E-8456-E885F102A659}"
	ProjectSection(SolutionItems) = preProject
		..\dapr\config.yaml = ..\dapr\config.yaml
	EndProjectSection
EndProject
Project("{2150E333-8FDC-42A3-9474-1A3956D46DE8}") = "components", "components", "{2CCF7B80-A9DA-404D-9871-5C98D87EBF94}"
	ProjectSection(SolutionItems) = preProject
		..\dapr\components\pubsub.yaml = ..\dapr\components\pubsub.yaml
		..\dapr\components\statestore.yaml = ..\dapr\components\statestore.yaml
	EndProjectSection
EndProject
Project("{2150E333-8FDC-42A3-9474-1A3956D46DE8}") = "1 - Api", "1 - Api", "{A17BD93C-AB2F-4945-A1F6-A6E1697D1577}"
EndProject
Project("{FFD54A85-9362-48AC-B646-C93AB9AC63D2}") = "WebhookService.Api", "WebhookService.Api\WebhookService.Api.csproj", "{16AEACFA-8542-42C2-BBF6-A27F666F5885}"
EndProject
Project("{2150E333-8FDC-42A3-9474-1A3956D46DE8}") = "2 - Application", "2 - Application", "{05A0FA09-D7F3-4A0D-8CB7-2A4E1E328D45}"
EndProject
Project("{52B49DB5-3EA9-4095-B1A7-DF1AC22D7DAE}") = "WebhookService.Application", "WebhookService.Application\WebhookService.Application.csproj", "{B1F4A17A-7E83-4ADB-9B1E-3DDAB252B494}"
EndProject
Project("{2150E333-8FDC-42A3-9474-1A3956D46DE8}") = "3 - Domain", "3 - Domain", "{BFD2973B-A143-4194-A2A0-469F50D3C8BB}"
EndProject
Project("{52B49DB5-3EA9-4095-B1A7-DF1AC22D7DAE}") = "WebhookService.Domain", "WebhookService.Domain\WebhookService.Domain.csproj", "{4A86EE80-025A-464D-8E30-7B786B7D40E9}"
EndProject
Project("{2150E333-8FDC-42A3-9474-1A3956D46DE8}") = "4 - Infrastructure", "4 - Infrastructure", "{99F914E8-31E8-42B2-977F-2333FC502DB8}"
EndProject
Project("{52B49DB5-3EA9-4095-B1A7-DF1AC22D7DAE}") = "WebhookService.Infrastructure", "WebhookService.Infrastructure\WebhookService.Infrastructure.csproj", "{EC7D6BB1-6649-4B92-8196-93D26E33B0B2}"
EndProject
Global
	GlobalSection(SolutionConfigurationPlatforms) = preSolution
		Debug|Any CPU = Debug|Any CPU
		Release|Any CPU = Release|Any CPU
	EndGlobalSection
	GlobalSection(ProjectConfigurationPlatforms) = postSolution
		{16AEACFA-8542-42C2-BBF6-A27F666F5885}.Debug|Any CPU.ActiveCfg = Debug|Any CPU
		{16AEACFA-8542-42C2-BBF6-A27F666F5885}.Debug|Any CPU.Build.0 = Debug|Any CPU
		{16AEACFA-8542-42C2-BBF6-A27F666F5885}.Release|Any CPU.ActiveCfg = Release|Any CPU
		{16AEACFA-8542-42C2-BBF6-A27F666F5885}.Release|Any CPU.Build.0 = Release|Any CPU
		{B1F4A17A-7E83-4ADB-9B1E-3DDAB252B494}.Debug|Any CPU.ActiveCfg = Debug|Any CPU
		{B1F4A17A-7E83-4ADB-9B1E-3DDAB252B494}.Debug|Any CPU.Build.0 = Debug|Any CPU
		{B1F4A17A-7E83-4ADB-9B1E-3DDAB252B494}.Release|Any CPU.ActiveCfg = Release|Any CPU
		{B1F4A17A-7E83-4ADB-9B1E-3DDAB252B494}.Release|Any CPU.Build.0 = Release|Any CPU
		{4A86EE80-025A-464D-8E30-7B786B7D40E9}.Debug|Any CPU.ActiveCfg = Debug|Any CPU
		{4A86EE80-025A-464D-8E30-7B786B7D40E9}.Debug|Any CPU.Build.0 = Debug|Any CPU
		{4A86EE80-025A-464D-8E30-7B786B7D40E9}.Release|Any CPU.ActiveCfg = Release|Any CPU
		{4A86EE80-025A-464D-8E30-7B786B7D40E9}.Release|Any CPU.Build.0 = Release|Any CPU
		{EC7D6BB1-6649-4B92-8196-93D26E33B0B2}.Debug|Any CPU.ActiveCfg = Debug|Any CPU
		{EC7D6BB1-6649-4B92-8196-93D26E33B0B2}.Debug|Any CPU.Build.0 = Debug|Any CPU
		{EC7D6BB1-6649-4B92-8196-93D26E33B0B2}.Release|Any CPU.ActiveCfg = Release|Any CPU
		{EC7D6BB1-6649-4B92-8196-93D26E33B0B2}.Release|Any CPU.Build.0 = Release|Any CPU
	EndGlobalSection
	GlobalSection(SolutionProperties) = preSolution
		HideSolutionNode = FALSE
	EndGlobalSection
	GlobalSection(NestedProjects) = preSolution
		{89CB3181-5BE3-411E-8456-E885F102A659} = {8B0678EA-6D71-44D3-930F-181B48EBF33D}
		{2CCF7B80-A9DA-404D-9871-5C98D87EBF94} = {89CB3181-5BE3-411E-8456-E885F102A659}
		{16AEACFA-8542-42C2-BBF6-A27F666F5885} = {A17BD93C-AB2F-4945-A1F6-A6E1697D1577}
		{B1F4A17A-7E83-4ADB-9B1E-3DDAB252B494} = {05A0FA09-D7F3-4A0D-8CB7-2A4E1E328D45}
		{4A86EE80-025A-464D-8E30-7B786B7D40E9} = {BFD2973B-A143-4194-A2A0-469F50D3C8BB}
		{EC7D6BB1-6649-4B92-8196-93D26E33B0B2} = {99F914E8-31E8-42B2-977F-2333FC502DB8}
	EndGlobalSection
EndGlobal
